
Microsoft Visual Studio Solution File, Format Version 12.00
# Visual Studio Version 17
VisualStudioVersion = 17.11.35327.3
MinimumVisualStudioVersion = 10.0.40219.1
Project("{FAE04EC0-301F-11D3-BF4B-00C04F79EFBC}") = "取证文件拷贝工具", "取证文件拷贝工具.csproj", "{7BB5576E-07CA-40F3-A925-2D98F010F020}"
EndProject
Global
	GlobalSection(SolutionConfigurationPlatforms) = preSolution
		Debug|Any CPU = Debug|Any CPU
		Release|Any CPU = Release|Any CPU
	EndGlobalSection
	GlobalSection(ProjectConfigurationPlatforms) = postSolution
		{7BB5576E-07CA-40F3-A925-2D98F010F020}.Debug|Any CPU.ActiveCfg = Debug|Any CPU
		{7BB5576E-07CA-40F3-A925-2D98F010F020}.Debug|Any CPU.Build.0 = Debug|Any CPU
		{7BB5576E-07CA-40F3-A925-2D98F010F020}.Release|Any CPU.ActiveCfg = Release|Any CPU
		{7BB5576E-07CA-40F3-A925-2D98F010F020}.Release|Any CPU.Build.0 = Release|Any CPU
	EndGlobalSection
	GlobalSection(SolutionProperties) = preSolution
		HideSolutionNode = FALSE
	EndGlobalSection
	GlobalSection(ExtensibilityGlobals) = postSolution
		SolutionGuid = {AEBE015D-A09B-401E-80BC-E27D2036F0A4}
	EndGlobalSection
EndGlobal
